// !$*UTF8*$!
{
	archiveVersion = 1;
	classes = {
	};
	objectVersion = 46;
	objects = {

/* Begin PBXBuildFile section */
		92DFEB671EBB20C500D1FD8A /* main.m in Sources */ = {isa = PBXBuildFile; fileRef = 92DFEB661EBB20C500D1FD8A /* main.m */; };
		92DFEB6A1EBB20C500D1FD8A /* AppDelegate.m in Sources */ = {isa = PBXBuildFile; fileRef = 92DFEB691EBB20C500D1FD8A /* AppDelegate.m */; };
		92DFEB6D1EBB20C500D1FD8A /* ViewController.m in Sources */ = {isa = PBXBuildFile; fileRef = 92DFEB6C1EBB20C500D1FD8A /* ViewController.m */; };
		92DFEB701EBB20C500D1FD8A /* Main.storyboard in Resources */ = {isa = PBXBuildFile; fileRef = 92DFEB6E1EBB20C500D1FD8A /* Main.storyboard */; };
		92DFEB721EBB20C500D1FD8A /* Assets.xcassets in Resources */ = {isa = PBXBuildFile; fileRef = 92DFEB711EBB20C500D1FD8A /* Assets.xcassets */; };
		92DFEB751EBB20C500D1FD8A /* LaunchScreen.storyboard in Resources */ = {isa = PBXBuildFile; fileRef = 92DFEB731EBB20C500D1FD8A /* LaunchScreen.storyboard */; };
		92DFEB801EBB20C500D1FD8A /* ZHZTestTests.m in Sources */ = {isa = PBXBuildFile; fileRef = 92DFEB7F1EBB20C500D1FD8A /* ZHZTestTests.m */; };
		92DFEB8B1EBB20D900D1FD8A /* Podfile in Resources */ = {isa = PBXBuildFile; fileRef = 92DFEB8A1EBB20D900D1FD8A /* Podfile */; };
		92DFEB8E1EBB220500D1FD8A /* KIFUITestActor+Identifier.m in Sources */ = {isa = PBXBuildFile; fileRef = 92DFEB8D1EBB220500D1FD8A /* KIFUITestActor+Identifier.m */; };
		CDA8AD26E131A6F1F5DAAE66 /* libPods-ZHZTestTests.a in Frameworks */ = {isa = PBXBuildFile; fileRef = 55A015D3449BAC70DCD4D521 /* libPods-ZHZTestTests.a */; };
/* End PBXBuildFile section */

/* Begin PBXContainerItemProxy section */
		92DFEB7C1EBB20C500D1FD8A /* PBXContainerItemProxy */ = {
			isa = PBXContainerItemProxy;
			containerPortal = 92DFEB5A1EBB20C500D1FD8A /* Project object */;
			proxyType = 1;
			remoteGlobalIDString = 92DFEB611EBB20C500D1FD8A;
			remoteInfo = ZHZTest;
		};
/* End PBXContainerItemProxy section */

/* Begin PBXFileReference section */
		098602C633E368B0079E505A /* Pods-ZHZTestTests.release.xcconfig */ = {isa = PBXFileReference; includeInIndex = 1; lastKnownFileType = text.xcconfig; name = "Pods-ZHZTestTests.release.xcconfig"; path = "Pods/Target Support Files/Pods-ZHZTestTests/Pods-ZHZTestTests.release.xcconfig"; sourceTree = "<group>"; };
		1B4FA7FA1AD704DC9CC4BE2C /* Pods-ZHZTestTests.debug.xcconfig */ = {isa = PBXFileReference; includeInIndex = 1; lastKnownFileType = text.xcconfig; name = "Pods-ZHZTestTests.debug.xcconfig"; path = "Pods/Target Support Files/Pods-ZHZTestTests/Pods-ZHZTestTests.debug.xcconfig"; sourceTree = "<group>"; };
		55A015D3449BAC70DCD4D521 /* libPods-ZHZTestTests.a */ = {isa = PBXFileReference; explicitFileType = archive.ar; includeInIndex = 0; path = "libPods-ZHZTestTests.a"; sourceTree = BUILT_PRODUCTS_DIR; };
		92DFEB621EBB20C500D1FD8A /* ZHZTest.app */ = {isa = PBXFileReference; explicitFileType = wrapper.application; includeInIndex = 0; path = ZHZTest.app; sourceTree = BUILT_PRODUCTS_DIR; };
		92DFEB661EBB20C500D1FD8A /* main.m */ = {isa = PBXFileReference; lastKnownFileType = sourcecode.c.objc; path = main.m; sourceTree = "<group>"; };
		92DFEB681EBB20C500D1FD8A /* AppDelegate.h */ = {isa = PBXFileReference; lastKnownFileType = sourcecode.c.h; path = AppDelegate.h; sourceTree = "<group>"; };
		92DFEB691EBB20C500D1FD8A /* AppDelegate.m */ = {isa = PBXFileReference; lastKnownFileType = sourcecode.c.objc; path = AppDelegate.m; sourceTree = "<group>"; };
		92DFEB6B1EBB20C500D1FD8A /* ViewController.h */ = {isa = PBXFileReference; lastKnownFileType = sourcecode.c.h; path = ViewController.h; sourceTree = "<group>"; };
		92DFEB6C1EBB20C500D1FD8A /* ViewController.m */ = {isa = PBXFileReference; lastKnownFileType = sourcecode.c.objc; path = ViewController.m; sourceTree = "<group>"; };
		92DFEB6F1EBB20C500D1FD8A /* Base */ = {isa = PBXFileReference; lastKnownFileType = file.storyboard; name = Base; path = Base.lproj/Main.storyboard; sourceTree = "<group>"; };
		92DFEB711EBB20C500D1FD8A /* Assets.xcassets */ = {isa = PBXFileReference; lastKnownFileType = folder.assetcatalog; path = Assets.xcassets; sourceTree = "<group>"; };
		92DFEB741EBB20C500D1FD8A /* Base */ = {isa = PBXFileReference; lastKnownFileType = file.storyboard; name = Base; path = Base.lproj/LaunchScreen.storyboard; sourceTree = "<group>"; };
		92DFEB761EBB20C500D1FD8A /* Info.plist */ = {isa = PBXFileReference; lastKnownFileType = text.plist.xml; path = Info.plist; sourceTree = "<group>"; };
		92DFEB7B1EBB20C500D1FD8A /* ZHZTestTests.xctest */ = {isa = PBXFileReference; explicitFileType = wrapper.cfbundle; includeInIndex = 0; path = ZHZTestTests.xctest; sourceTree = BUILT_PRODUCTS_DIR; };
		92DFEB7F1EBB20C500D1FD8A /* ZHZTestTests.m */ = {isa = PBXFileReference; lastKnownFileType = sourcecode.c.objc; path = ZHZTestTests.m; sourceTree = "<group>"; };
		92DFEB811EBB20C500D1FD8A /* Info.plist */ = {isa = PBXFileReference; lastKnownFileType = text.plist.xml; path = Info.plist; sourceTree = "<group>"; };
		92DFEB8A1EBB20D900D1FD8A /* Podfile */ = {isa = PBXFileReference; fileEncoding = 4; lastKnownFileType = text; path = Podfile; sourceTree = "<group>"; };
		92DFEB8C1EBB220500D1FD8A /* KIFUITestActor+Identifier.h */ = {isa = PBXFileReference; fileEncoding = 4; lastKnownFileType = sourcecode.c.h; path = "KIFUITestActor+Identifier.h"; sourceTree = "<group>"; };
		92DFEB8D1EBB220500D1FD8A /* KIFUITestActor+Identifier.m */ = {isa = PBXFileReference; fileEncoding = 4; lastKnownFileType = sourcecode.c.objc; path = "KIFUITestActor+Identifier.m"; sourceTree = "<group>"; };
/* End PBXFileReference section */

/* Begin PBXFrameworksBuildPhase section */
		92DFEB5F1EBB20C500D1FD8A /* Frameworks */ = {
			isa = PBXFrameworksBuildPhase;
			buildActionMask = 2147483647;
			files = (
			);
			runOnlyForDeploymentPostprocessing = 0;
		};
		92DFEB781EBB20C500D1FD8A /* Frameworks */ = {
			isa = PBXFrameworksBuildPhase;
			buildActionMask = 2147483647;
			files = (
				CDA8AD26E131A6F1F5DAAE66 /* libPods-ZHZTestTests.a in Frameworks */,
			);
			runOnlyForDeploymentPostprocessing = 0;
		};
/* End PBXFrameworksBuildPhase section */

/* Begin PBXGroup section */
		0D6751D27A4C375F9C69E27F /* Pods */ = {
			isa = PBXGroup;
			children = (
				1B4FA7FA1AD704DC9CC4BE2C /* Pods-ZHZTestTests.debug.xcconfig */,
				098602C633E368B0079E505A /* Pods-ZHZTestTests.release.xcconfig */,
			);
			name = Pods;
			sourceTree = "<group>";
		};
		5B7D4248BA03EDEFA68662E5 /* Frameworks */ = {
			isa = PBXGroup;
			children = (
				55A015D3449BAC70DCD4D521 /* libPods-ZHZTestTests.a */,
			);
			name = Frameworks;
			sourceTree = "<group>";
		};
		92DFEB591EBB20C500D1FD8A = {
			isa = PBXGroup;
			children = (
				92DFEB8A1EBB20D900D1FD8A /* Podfile */,
				92DFEB641EBB20C500D1FD8A /* ZHZTest */,
				92DFEB7E1EBB20C500D1FD8A /* ZHZTestTests */,
				92DFEB631EBB20C500D1FD8A /* Products */,
				0D6751D27A4C375F9C69E27F /* Pods */,
				5B7D4248BA03EDEFA68662E5 /* Frameworks */,
			);
			sourceTree = "<group>";
		};
		92DFEB631EBB20C500D1FD8A /* Products */ = {
			isa = PBXGroup;
			children = (
				92DFEB621EBB20C500D1FD8A /* ZHZTest.app */,
				92DFEB7B1EBB20C500D1FD8A /* ZHZTestTests.xctest */,
			);
			name = Products;
			sourceTree = "<group>";
		};
		92DFEB641EBB20C500D1FD8A /* ZHZTest */ = {
			isa = PBXGroup;
			children = (
				92DFEB681EBB20C500D1FD8A /* AppDelegate.h */,
				92DFEB691EBB20C500D1FD8A /* AppDelegate.m */,
				92DFEB6B1EBB20C500D1FD8A /* ViewController.h */,
				92DFEB6C1EBB20C500D1FD8A /* ViewController.m */,
				92DFEB6E1EBB20C500D1FD8A /* Main.storyboard */,
				92DFEB711EBB20C500D1FD8A /* Assets.xcassets */,
				92DFEB731EBB20C500D1FD8A /* LaunchScreen.storyboard */,
				92DFEB761EBB20C500D1FD8A /* Info.plist */,
				92DFEB651EBB20C500D1FD8A /* Supporting Files */,
			);
			path = ZHZTest;
			sourceTree = "<group>";
		};
		92DFEB651EBB20C500D1FD8A /* Supporting Files */ = {
			isa = PBXGroup;
			children = (
				92DFEB661EBB20C500D1FD8A /* main.m */,
			);
			name = "Supporting Files";
			sourceTree = "<group>";
		};
		92DFEB7E1EBB20C500D1FD8A /* ZHZTestTests */ = {
			isa = PBXGroup;
			children = (
				92DFEB8C1EBB220500D1FD8A /* KIFUITestActor+Identifier.h */,
				92DFEB8D1EBB220500D1FD8A /* KIFUITestActor+Identifier.m */,
				92DFEB7F1EBB20C500D1FD8A /* ZHZTestTests.m */,
				92DFEB811EBB20C500D1FD8A /* Info.plist */,
			);
			path = ZHZTestTests;
			sourceTree = "<group>";
		};
/* End PBXGroup section */

/* Begin PBXNativeTarget section */
		92DFEB611EBB20C500D1FD8A /* ZHZTest */ = {
			isa = PBXNativeTarget;
			buildConfigurationList = 92DFEB841EBB20C500D1FD8A /* Build configuration list for PBXNativeTarget "ZHZTest" */;
			buildPhases = (
				92DFEB5E1EBB20C500D1FD8A /* Sources */,
				92DFEB5F1EBB20C500D1FD8A /* Frameworks */,
				92DFEB601EBB20C500D1FD8A /* Resources */,
			);
			buildRules = (
			);
			dependencies = (
			);
			name = ZHZTest;
			productName = ZHZTest;
			productReference = 92DFEB621EBB20C500D1FD8A /* ZHZTest.app */;
			productType = "com.apple.product-type.application";
		};
		92DFEB7A1EBB20C500D1FD8A /* ZHZTestTests */ = {
			isa = PBXNativeTarget;
			buildConfigurationList = 92DFEB871EBB20C500D1FD8A /* Build configuration list for PBXNativeTarget "ZHZTestTests" */;
			buildPhases = (
				71FA5FD2B4DE928CC363F714 /* [CP] Check Pods Manifest.lock */,
				92DFEB771EBB20C500D1FD8A /* Sources */,
				92DFEB781EBB20C500D1FD8A /* Frameworks */,
				92DFEB791EBB20C500D1FD8A /* Resources */,
				73E9ED3E0EAC4F492BE267A6 /* [CP] Embed Pods Frameworks */,
				B9F744C222F810EB164B4E5D /* [CP] Copy Pods Resources */,
			);
			buildRules = (
			);
			dependencies = (
				92DFEB7D1EBB20C500D1FD8A /* PBXTargetDependency */,
			);
			name = ZHZTestTests;
			productName = ZHZTestTests;
			productReference = 92DFEB7B1EBB20C500D1FD8A /* ZHZTestTests.xctest */;
			productType = "com.apple.product-type.bundle.unit-test";
		};
/* End PBXNativeTarget section */

/* Begin PBXProject section */
		92DFEB5A1EBB20C500D1FD8A /* Project object */ = {
			isa = PBXProject;
			attributes = {
				LastUpgradeCheck = 0830;
				ORGANIZATIONNAME = xbk;
				TargetAttributes = {
					92DFEB611EBB20C500D1FD8A = {
						CreatedOnToolsVersion = 8.3.2;
						DevelopmentTeam = 637U33J5E6;
						ProvisioningStyle = Automatic;
					};
					92DFEB7A1EBB20C500D1FD8A = {
						CreatedOnToolsVersion = 8.3.2;
						DevelopmentTeam = 637U33J5E6;
						ProvisioningStyle = Automatic;
						TestTargetID = 92DFEB611EBB20C500D1FD8A;
					};
				};
			};
			buildConfigurationList = 92DFEB5D1EBB20C500D1FD8A /* Build configuration list for PBXProject "ZHZTest" */;
			compatibilityVersion = "Xcode 3.2";
			developmentRegion = English;
			hasScannedForEncodings = 0;
			knownRegions = (
				en,
				Base,
			);
			mainGroup = 92DFEB591EBB20C500D1FD8A;
			productRefGroup = 92DFEB631EBB20C500D1FD8A /* Products */;
			projectDirPath = "";
			projectRoot = "";
			targets = (
				92DFEB611EBB20C500D1FD8A /* ZHZTest */,
				92DFEB7A1EBB20C500D1FD8A /* ZHZTestTests */,
			);
		};
/* End PBXProject section */

/* Begin PBXResourcesBuildPhase section */
		92DFEB601EBB20C500D1FD8A /* Resources */ = {
			isa = PBXResourcesBuildPhase;
			buildActionMask = 2147483647;
			files = (
				92DFEB751EBB20C500D1FD8A /* LaunchScreen.storyboard in Resources */,
				92DFEB721EBB20C500D1FD8A /* Assets.xcassets in Resources */,
				92DFEB8B1EBB20D900D1FD8A /* Podfile in Resources */,
				92DFEB701EBB20C500D1FD8A /* Main.storyboard in Resources */,
			);
			runOnlyForDeploymentPostprocessing = 0;
		};
		92DFEB791EBB20C500D1FD8A /* Resources */ = {
			isa = PBXResourcesBuildPhase;
			buildActionMask = 2147483647;
			files = (
			);
			runOnlyForDeploymentPostprocessing = 0;
		};
/* End PBXResourcesBuildPhase section */

/* Begin PBXShellScriptBuildPhase section */
		71FA5FD2B4DE928CC363F714 /* [CP] Check Pods Manifest.lock */ = {
			isa = PBXShellScriptBuildPhase;
			buildActionMask = 2147483647;
			files = (
			);
			inputPaths = (
			);
			name = "[CP] Check Pods Manifest.lock";
			outputPaths = (
			);
			runOnlyForDeploymentPostprocessing = 0;
			shellPath = /bin/sh;
			shellScript = "diff \"${PODS_ROOT}/../Podfile.lock\" \"${PODS_ROOT}/Manifest.lock\" > /dev/null\nif [ $? != 0 ] ; then\n    # print error to STDERR\n    echo \"error: The sandbox is not in sync with the Podfile.lock. Run 'pod install' or update your CocoaPods installation.\" >&2\n    exit 1\nfi\n";
			showEnvVarsInLog = 0;
		};
		73E9ED3E0EAC4F492BE267A6 /* [CP] Embed Pods Frameworks */ = {
			isa = PBXShellScriptBuildPhase;
			buildActionMask = 2147483647;
			files = (
			);
			inputPaths = (
			);
			name = "[CP] Embed Pods Frameworks";
			outputPaths = (
			);
			runOnlyForDeploymentPostprocessing = 0;
			shellPath = /bin/sh;
			shellScript = "\"${SRCROOT}/Pods/Target Support Files/Pods-ZHZTestTests/Pods-ZHZTestTests-frameworks.sh\"\n";
			showEnvVarsInLog = 0;
		};
		B9F744C222F810EB164B4E5D /* [CP] Copy Pods Resources */ = {
			isa = PBXShellScriptBuildPhase;
			buildActionMask = 2147483647;
			files = (
			);
			inputPaths = (
			);
			name = "[CP] Copy Pods Resources";
			outputPaths = (
			);
			runOnlyForDeploymentPostprocessing = 0;
			shellPath = /bin/sh;
			shellScript = "\"${SRCROOT}/Pods/Target Support Files/Pods-ZHZTestTests/Pods-ZHZTestTests-resources.sh\"\n";
			showEnvVarsInLog = 0;
		};
/* End PBXShellScriptBuildPhase section */

/* Begin PBXSourcesBuildPhase section */
		92DFEB5E1EBB20C500D1FD8A /* Sources */ = {
			isa = PBXSourcesBuildPhase;
			buildActionMask = 2147483647;
			files = (
				92DFEB6D1EBB20C500D1FD8A /* ViewController.m in Sources */,
				92DFEB6A1EBB20C500D1FD8A /* AppDelegate.m in Sources */,
				92DFEB671EBB20C500D1FD8A /* main.m in Sources */,
			);
			runOnlyForDeploymentPostprocessing = 0;
		};
		92DFEB771EBB20C500D1FD8A /* Sources */ = {
			isa = PBXSourcesBuildPhase;
			buildActionMask = 2147483647;
			files = (
				92DFEB801EBB20C500D1FD8A /* ZHZTestTests.m in Sources */,
				92DFEB8E1EBB220500D1FD8A /* KIFUITestActor+Identifier.m in Sources */,
			);
			runOnlyForDeploymentPostprocessing = 0;
		};
/* End PBXSourcesBuildPhase section */

/* Begin PBXTargetDependency section */
		92DFEB7D1EBB20C500D1FD8A /* PBXTargetDependency */ = {
			isa = PBXTargetDependency;
			target = 92DFEB611EBB20C500D1FD8A /* ZHZTest */;
			targetProxy = 92DFEB7C1EBB20C500D1FD8A /* PBXContainerItemProxy */;
		};
/* End PBXTargetDependency section */

/* Begin PBXVariantGroup section */
		92DFEB6E1EBB20C500D1FD8A /* Main.storyboard */ = {
			isa = PBXVariantGroup;
			children = (
				92DFEB6F1EBB20C500D1FD8A /* Base */,
			);
			name = Main.storyboard;
			sourceTree = "<group>";
		};
		92DFEB731EBB20C500D1FD8A /* LaunchScreen.storyboard */ = {
			isa = PBXVariantGroup;
			children = (
				92DFEB741EBB20C500D1FD8A /* Base */,
			);
			name = LaunchScreen.storyboard;
			sourceTree = "<group>";
		};
/* End PBXVariantGroup section */

/* Begin XCBuildConfiguration section */
		92DFEB821EBB20C500D1FD8A /* Debug */ = {
			isa = XCBuildConfiguration;
			buildSettings = {
				ALWAYS_SEARCH_USER_PATHS = NO;
				CLANG_ANALYZER_NONNULL = YES;
				CLANG_ANALYZER_NUMBER_OBJECT_CONVERSION = YES_AGGRESSIVE;
				CLANG_CXX_LANGUAGE_STANDARD = "gnu++0x";
				CLANG_CXX_LIBRARY = "libc++";
				CLANG_ENABLE_MODULES = YES;
				CLANG_ENABLE_OBJC_ARC = YES;
				CLANG_WARN_BOOL_CONVERSION = YES;
				CLANG_WARN_CONSTANT_CONVERSION = YES;
				CLANG_WARN_DIRECT_OBJC_ISA_USAGE = YES_ERROR;
				CLANG_WARN_DOCUMENTATION_COMMENTS = YES;
				CLANG_WARN_EMPTY_BODY = YES;
				CLANG_WARN_ENUM_CONVERSION = YES;
				CLANG_WARN_INFINITE_RECURSION = YES;
				CLANG_WARN_INT_CONVERSION = YES;
				CLANG_WARN_OBJC_ROOT_CLASS = YES_ERROR;
				CLANG_WARN_SUSPICIOUS_MOVE = YES;
				CLANG_WARN_UNREACHABLE_CODE = YES;
				CLANG_WARN__DUPLICATE_METHOD_MATCH = YES;
				"CODE_SIGN_IDENTITY[sdk=iphoneos*]" = "iPhone Developer";
				COPY_PHASE_STRIP = NO;
				DEBUG_INFORMATION_FORMAT = dwarf;
				ENABLE_STRICT_OBJC_MSGSEND = YES;
				ENABLE_TESTABILITY = YES;
				GCC_C_LANGUAGE_STANDARD = gnu99;
				GCC_DYNAMIC_NO_PIC = NO;
				GCC_NO_COMMON_BLOCKS = YES;
				GCC_OPTIMIZATION_LEVEL = 0;
				GCC_PREPROCESSOR_DEFINITIONS = (
					"DEBUG=1",
					"$(inherited)",
				);
				GCC_WARN_64_TO_32_BIT_CONVERSION = YES;
				GCC_WARN_ABOUT_RETURN_TYPE = YES_ERROR;
				GCC_WARN_UNDECLARED_SELECTOR = YES;
				GCC_WARN_UNINITIALIZED_AUTOS = YES_AGGRESSIVE;
				GCC_WARN_UNUSED_FUNCTION = YES;
				GCC_WARN_UNUSED_VARIABLE = YES;
				IPHONEOS_DEPLOYMENT_TARGET = 10.3;
				MTL_ENABLE_DEBUG_INFO = YES;
				ONLY_ACTIVE_ARCH = YES;
				SDKROOT = iphoneos;
			};
			name = Debug;
		};
		92DFEB831EBB20C500D1FD8A /* Release */ = {
			isa = XCBuildConfiguration;
			buildSettings = {
				ALWAYS_SEARCH_USER_PATHS = NO;
				CLANG_ANALYZER_NONNULL = YES;
				CLANG_ANALYZER_NUMBER_OBJECT_CONVERSION = YES_AGGRESSIVE;
				CLANG_CXX_LANGUAGE_STANDARD = "gnu++0x";
				CLANG_CXX_LIBRARY = "libc++";
				CLANG_ENABLE_MODULES = YES;
				CLANG_ENABLE_OBJC_ARC = YES;
				CLANG_WARN_BOOL_CONVERSION = YES;
				CLANG_WARN_CONSTANT_CONVERSION = YES;
				CLANG_WARN_DIRECT_OBJC_ISA_USAGE = YES_ERROR;
				CLANG_WARN_DOCUMENTATION_COMMENTS = YES;
				CLANG_WARN_EMPTY_BODY = YES;
				CLANG_WARN_ENUM_CONVERSION = YES;
				CLANG_WARN_INFINITE_RECURSION = YES;
				CLANG_WARN_INT_CONVERSION = YES;
				CLANG_WARN_OBJC_ROOT_CLASS = YES_ERROR;
				CLANG_WARN_SUSPICIOUS_MOVE = YES;
				CLANG_WARN_UNREACHABLE_CODE = YES;
				CLANG_WARN__DUPLICATE_METHOD_MATCH = YES;
				"CODE_SIGN_IDENTITY[sdk=iphoneos*]" = "iPhone Developer";
				COPY_PHASE_STRIP = NO;
				DEBUG_INFORMATION_FORMAT = "dwarf-with-dsym";
				ENABLE_NS_ASSERTIONS = NO;
				ENABLE_STRICT_OBJC_MSGSEND = YES;
				GCC_C_LANGUAGE_STANDARD = gnu99;
				GCC_NO_COMMON_BLOCKS = YES;
				GCC_WARN_64_TO_32_BIT_CONVERSION = YES;
				GCC_WARN_ABOUT_RETURN_TYPE = YES_ERROR;
				GCC_WARN_UNDECLARED_SELECTOR = YES;
				GCC_WARN_UNINITIALIZED_AUTOS = YES_AGGRESSIVE;
				GCC_WARN_UNUSED_FUNCTION = YES;
				GCC_WARN_UNUSED_VARIABLE = YES;
				IPHONEOS_DEPLOYMENT_TARGET = 10.3;
				MTL_ENABLE_DEBUG_INFO = NO;
				SDKROOT = iphoneos;
				VALIDATE_PRODUCT = YES;
			};
			name = Release;
		};
		92DFEB851EBB20C500D1FD8A /* Debug */ = {
			isa = XCBuildConfiguration;
			buildSettings = {
				ASSETCATALOG_COMPILER_APPICON_NAME = AppIcon;
				DEVELOPMENT_TEAM = 637U33J5E6;
				INFOPLIST_FILE = ZHZTest/Info.plist;
				LD_RUNPATH_SEARCH_PATHS = "$(inherited) @executable_path/Frameworks";
				PRODUCT_BUNDLE_IDENTIFIER = com.ezparking.ios.ZHZTest;
				PRODUCT_NAME = "$(TARGET_NAME)";
			};
			name = Debug;
		};
		92DFEB861EBB20C500D1FD8A /* Release */ = {
			isa = XCBuildConfiguration;
			buildSettings = {
				ASSETCATALOG_COMPILER_APPICON_NAME = AppIcon;
				DEVELOPMENT_TEAM = 637U33J5E6;
				INFOPLIST_FILE = ZHZTest/Info.plist;
				LD_RUNPATH_SEARCH_PATHS = "$(inherited) @executable_path/Frameworks";
				PRODUCT_BUNDLE_IDENTIFIER = com.ezparking.ios.ZHZTest;
				PRODUCT_NAME = "$(TARGET_NAME)";
			};
			name = Release;
		};
		92DFEB881EBB20C500D1FD8A /* Debug */ = {
			isa = XCBuildConfiguration;
			baseConfigurationReference = 1B4FA7FA1AD704DC9CC4BE2C /* Pods-ZHZTestTests.debug.xcconfig */;
			buildSettings = {
				BUNDLE_LOADER = "$(TEST_HOST)";
				DEVELOPMENT_TEAM = 637U33J5E6;
				INFOPLIST_FILE = ZHZTestTests/Info.plist;
				LD_RUNPATH_SEARCH_PATHS = "$(inherited) @executable_path/Frameworks @loader_path/Frameworks";
				PRODUCT_BUNDLE_IDENTIFIER = com.ezparking.ios.ZHZTestTests;
				PRODUCT_NAME = "$(TARGET_NAME)";
				TEST_HOST = "$(BUILT_PRODUCTS_DIR)/ZHZTest.app/ZHZTest";
			};
			name = Debug;
		};
		92DFEB891EBB20C500D1FD8A /* Release */ = {
			isa = XCBuildConfiguration;
			baseConfigurationReference = 098602C633E368B0079E505A /* Pods-ZHZTestTests.release.xcconfig */;
			buildSettings = {
				BUNDLE_LOADER = "$(TEST_HOST)";
				DEVELOPMENT_TEAM = 637U33J5E6;
				INFOPLIST_FILE = ZHZTestTests/Info.plist;
				LD_RUNPATH_SEARCH_PATHS = "$(inherited) @executable_path/Frameworks @loader_path/Frameworks";
				PRODUCT_BUNDLE_IDENTIFIER = com.ezparking.ios.ZHZTestTests;
				PRODUCT_NAME = "$(TARGET_NAME)";
				TEST_HOST = "$(BUILT_PRODUCTS_DIR)/ZHZTest.app/ZHZTest";
			};
			name = Release;
		};
/* End XCBuildConfiguration section */

/* Begin XCConfigurationList section */
		92DFEB5D1EBB20C500D1FD8A /* Build configuration list for PBXProject "ZHZTest" */ = {
			isa = XCConfigurationList;
			buildConfigurations = (
				92DFEB821EBB20C500D1FD8A /* Debug */,
				92DFEB831EBB20C500D1FD8A /* Release */,
			);
			defaultConfigurationIsVisible = 0;
			defaultConfigurationName = Release;
		};
		92DFEB841EBB20C500D1FD8A /* Build configuration list for PBXNativeTarget "ZHZTest" */ = {
			isa = XCConfigurationList;
			buildConfigurations = (
				92DFEB851EBB20C500D1FD8A /* Debug */,
				92DFEB861EBB20C500D1FD8A /* Release */,
			);
			defaultConfigurationIsVisible = 0;
			defaultConfigurationName = Release;
		};
		92DFEB871EBB20C500D1FD8A /* Build configuration list for PBXNativeTarget "ZHZTestTests" */ = {
			isa = XCConfigurationList;
			buildConfigurations = (
				92DFEB881EBB20C500D1FD8A /* Debug */,
				92DFEB891EBB20C500D1FD8A /* Release */,
			);
			defaultConfigurationIsVisible = 0;
			defaultConfigurationName = Release;
		};
/* End XCConfigurationList section */
	};
	rootObject = 92DFEB5A1EBB20C500D1FD8A /* Project object */;
}
